
Microsoft Visual Studio Solution File, Format Version 12.00
# Visual Studio Version 16
VisualStudioVersion = 16.0.32126.315
MinimumVisualStudioVersion = 10.0.40219.1
Project("{FAE04EC0-301F-11D3-BF4B-00C04F79EFBC}") = "PanelProject", "PanelProject\PanelProject.csproj", "{BCC8C784-7B26-4874-A195-1C94CBAB2F7C}"
EndProject
Global
	GlobalSection(SolutionConfigurationPlatforms) = preSolution
		Debug|Any CPU = Debug|Any CPU
		Release|Any CPU = Release|Any CPU
	EndGlobalSection
	GlobalSection(ProjectConfigurationPlatforms) = postSolution
		{BCC8C784-7B26-4874-A195-1C94CBAB2F7C}.Debug|Any CPU.ActiveCfg = Debug|Any CPU
		{BCC8C784-7B26-4874-A195-1C94CBAB2F7C}.Debug|Any CPU.Build.0 = Debug|Any CPU
		{BCC8C784-7B26-4874-A195-1C94CBAB2F7C}.Release|Any CPU.ActiveCfg = Release|Any CPU
		{BCC8C784-7B26-4874-A195-1C94CBAB2F7C}.Release|Any CPU.Build.0 = Release|Any CPU
	EndGlobalSection
	GlobalSection(SolutionProperties) = preSolution
		HideSolutionNode = FALSE
	EndGlobalSection
	GlobalSection(ExtensibilityGlobals) = postSolution
		SolutionGuid = {1BC6DA46-F7F5-4958-B0E3-568BEF889AEE}
	EndGlobalSection
EndGlobal
